
Microsoft Visual Studio Solution File, Format Version 12.00
Project("{FAE04EC0-301F-11D3-BF4B-00C04F79EFBC}") = "RadixTree", "RadixTree\RadixTree.csproj", "{C05B73F5-54B9-4F98-846D-F58D94FE7E86}"
EndProject
Project("{FAE04EC0-301F-11D3-BF4B-00C04F79EFBC}") = "RadixTreeFacts", "RadixTreeFacts\RadixTreeFacts.csproj", "{19EF8041-A36D-4A56-91BC-FD917045DA77}"
EndProject
Global
	GlobalSection(SolutionConfigurationPlatforms) = preSolution
		Debug|Any CPU = Debug|Any CPU
		Release|Any CPU = Release|Any CPU
	EndGlobalSection
	GlobalSection(ProjectConfigurationPlatforms) = postSolution
		{C05B73F5-54B9-4F98-846D-F58D94FE7E86}.Debug|Any CPU.ActiveCfg = Debug|Any CPU
		{C05B73F5-54B9-4F98-846D-F58D94FE7E86}.Debug|Any CPU.Build.0 = Debug|Any CPU
		{C05B73F5-54B9-4F98-846D-F58D94FE7E86}.Release|Any CPU.ActiveCfg = Release|Any CPU
		{C05B73F5-54B9-4F98-846D-F58D94FE7E86}.Release|Any CPU.Build.0 = Release|Any CPU
		{19EF8041-A36D-4A56-91BC-FD917045DA77}.Debug|Any CPU.ActiveCfg = Debug|Any CPU
		{19EF8041-A36D-4A56-91BC-FD917045DA77}.Debug|Any CPU.Build.0 = Debug|Any CPU
		{19EF8041-A36D-4A56-91BC-FD917045DA77}.Release|Any CPU.ActiveCfg = Release|Any CPU
		{19EF8041-A36D-4A56-91BC-FD917045DA77}.Release|Any CPU.Build.0 = Release|Any CPU
	EndGlobalSection
EndGlobal
